
Microsoft Visual Studio Solution File, Format Version 12.00
# Visual Studio 15
VisualStudioVersion = 15.0.27703.2026
MinimumVisualStudioVersion = 10.0.40219.1
Project("{FAE04EC0-301F-11D3-BF4B-00C04F79EFBC}") = "Portfolio", "Portfolio\Portfolio.csproj", "{96C3182A-9476-466C-BFE4-DA92AA5818DE}"
EndProject
Global
	GlobalSection(SolutionConfigurationPlatforms) = preSolution
		Debug|Any CPU = Debug|Any CPU
		Release|Any CPU = Release|Any CPU
	EndGlobalSection
	GlobalSection(ProjectConfigurationPlatforms) = postSolution
		{96C3182A-9476-466C-BFE4-DA92AA5818DE}.Debug|Any CPU.ActiveCfg = Debug|Any CPU
		{96C3182A-9476-466C-BFE4-DA92AA5818DE}.Debug|Any CPU.Build.0 = Debug|Any CPU
		{96C3182A-9476-466C-BFE4-DA92AA5818DE}.Release|Any CPU.ActiveCfg = Release|Any CPU
		{96C3182A-9476-466C-BFE4-DA92AA5818DE}.Release|Any CPU.Build.0 = Release|Any CPU
	EndGlobalSection
	GlobalSection(SolutionProperties) = preSolution
		HideSolutionNode = FALSE
	EndGlobalSection
	GlobalSection(ExtensibilityGlobals) = postSolution
		SolutionGuid = {0EE5BFF4-C942-4B76-9DF5-F1C744C5C254}
	EndGlobalSection
EndGlobal
